
Microsoft Visual Studio Solution File, Format Version 12.00
# Visual Studio Version 17
VisualStudioVersion = 17.8.34330.188
MinimumVisualStudioVersion = 10.0.40219.1
Project("{FAE04EC0-301F-11D3-BF4B-00C04F79EFBC}") = "ASC.Api.Documentation", "ASC.Api.Documentation\ASC.Api.Documentation.csproj", "{6A3CEE93-87A8-4C69-AF6E-5A6D206FEF29}"
EndProject
Global
	GlobalSection(SolutionConfigurationPlatforms) = preSolution
		Debug|Any CPU = Debug|Any CPU
		Release|Any CPU = Release|Any CPU
	EndGlobalSection
	GlobalSection(ProjectConfigurationPlatforms) = postSolution
		{6A3CEE93-87A8-4C69-AF6E-5A6D206FEF29}.Debug|Any CPU.ActiveCfg = Debug|Any CPU
		{6A3CEE93-87A8-4C69-AF6E-5A6D206FEF29}.Debug|Any CPU.Build.0 = Debug|Any CPU
		{6A3CEE93-87A8-4C69-AF6E-5A6D206FEF29}.Release|Any CPU.ActiveCfg = Release|Any CPU
		{6A3CEE93-87A8-4C69-AF6E-5A6D206FEF29}.Release|Any CPU.Build.0 = Release|Any CPU
	EndGlobalSection
	GlobalSection(SolutionProperties) = preSolution
		HideSolutionNode = FALSE
	EndGlobalSection
	GlobalSection(ExtensibilityGlobals) = postSolution
		SolutionGuid = {089E42F7-32E3-4868-A001-53314AE4364E}
	EndGlobalSection
EndGlobal
